
Microsoft Visual Studio Solution File, Format Version 12.00
# Visual Studio Version 16
VisualStudioVersion = 16.0.30406.217
MinimumVisualStudioVersion = 10.0.40219.1
Project("{FAE04EC0-301F-11D3-BF4B-00C04F79EFBC}") = "Compe 361 Assignment 1", "Compe 361 Assignment 1\Compe 361 Assignment 1.csproj", "{BCF42EFB-37AE-4C1B-A952-1CD08B2CEE42}"
EndProject
Global
	GlobalSection(SolutionConfigurationPlatforms) = preSolution
		Debug|Any CPU = Debug|Any CPU
		Release|Any CPU = Release|Any CPU
	EndGlobalSection
	GlobalSection(ProjectConfigurationPlatforms) = postSolution
		{BCF42EFB-37AE-4C1B-A952-1CD08B2CEE42}.Debug|Any CPU.ActiveCfg = Debug|Any CPU
		{BCF42EFB-37AE-4C1B-A952-1CD08B2CEE42}.Debug|Any CPU.Build.0 = Debug|Any CPU
		{BCF42EFB-37AE-4C1B-A952-1CD08B2CEE42}.Release|Any CPU.ActiveCfg = Release|Any CPU
		{BCF42EFB-37AE-4C1B-A952-1CD08B2CEE42}.Release|Any CPU.Build.0 = Release|Any CPU
	EndGlobalSection
	GlobalSection(SolutionProperties) = preSolution
		HideSolutionNode = FALSE
	EndGlobalSection
	GlobalSection(ExtensibilityGlobals) = postSolution
		SolutionGuid = {BB7C105B-2D0E-4164-98DE-1ED2F91573A3}
	EndGlobalSection
EndGlobal
